{
    "_readme": [
        "This file locks the dependencies of your project to a known state",
        "Read more about it at https://getcomposer.org/doc/01-basic-usage.md#installing-dependencies",
        "This file is @generated automatically"
    ],
    "content-hash": "c926f7943b6a8f9f64d7055c2626c92d",
    "packages": [
        {
            "name": "sf/php-mvc",
            "version": "dev-master",
            "source": {
                "type": "git",
                "url": "git@github.com:singleSf/mvc-backend.git",
                "reference": "b2284fcd6a2e381c1498d702975a7d434a7f2728"
            },
            "require": {
                "ext-json": "*",
                "ext-mbstring": "*",
                "ext-openssl": "*",
                "ext-pdo": "*",
                "php": ">=7.2.0"
            },
            "default-branch": true,
            "type": "library",
            "autoload": {
                "psr-4": {
                    "sf\\phpmvc\\": "src/"
                }
            },
            "license": [
                "MIT"
            ],
            "description": "PHP MVC",
            "time": "2022-02-04T22:17:01+00:00"
        }
    ],
    "packages-dev": [],
    "aliases": [],
    "minimum-stability": "dev",
    "stability-flags": {
        "sf/php-mvc": 20
    },
    "prefer-stable": true,
    "prefer-lowest": false,
    "platform": {
        "php": ">=7.2.0",
        "ext-json": "*",
        "ext-mbstring": "*"
    },
    "platform-dev": [],
    "plugin-api-version": "2.1.0"
}
